// !$*UTF8*$!
{
	archiveVersion = 1;
	classes = {
	};
	objectVersion = 56;
	objects = {

/* Begin PBXBuildFile section */
		58218AB42BEAEEFF000D3CF0 /* ModalPersonalInfoVC.swift in Sources */ = {isa = PBXBuildFile; fileRef = 58218AB32BEAEEFF000D3CF0 /* ModalPersonalInfoVC.swift */; };
		58218AB62BEBD529000D3CF0 /* Models.swift in Sources */ = {isa = PBXBuildFile; fileRef = 58218AB52BEBD529000D3CF0 /* Models.swift */; };
		586679482BE970B00015F78E /* AppDelegate.swift in Sources */ = {isa = PBXBuildFile; fileRef = 586679472BE970B00015F78E /* AppDelegate.swift */; };
		5866794A2BE970B00015F78E /* SceneDelegate.swift in Sources */ = {isa = PBXBuildFile; fileRef = 586679492BE970B00015F78E /* SceneDelegate.swift */; };
		586679512BE970B20015F78E /* Assets.xcassets in Resources */ = {isa = PBXBuildFile; fileRef = 586679502BE970B20015F78E /* Assets.xcassets */; };
		586679542BE970B20015F78E /* LaunchScreen.storyboard in Resources */ = {isa = PBXBuildFile; fileRef = 586679522BE970B20015F78E /* LaunchScreen.storyboard */; };
		5866795E2BE970D00015F78E /* Ubuntu-Regular.ttf in Resources */ = {isa = PBXBuildFile; fileRef = 5866795B2BE970D00015F78E /* Ubuntu-Regular.ttf */; };
		5866795F2BE970D00015F78E /* Ubuntu-Medium.ttf in Resources */ = {isa = PBXBuildFile; fileRef = 5866795C2BE970D00015F78E /* Ubuntu-Medium.ttf */; };
		586679602BE970D00015F78E /* Ubuntu-Bold.ttf in Resources */ = {isa = PBXBuildFile; fileRef = 5866795D2BE970D00015F78E /* Ubuntu-Bold.ttf */; };
		586679632BEA88B10015F78E /* PlansVC.swift in Sources */ = {isa = PBXBuildFile; fileRef = 586679622BEA88B10015F78E /* PlansVC.swift */; };
		586679652BEA88E50015F78E /* AddOnsVC.swift in Sources */ = {isa = PBXBuildFile; fileRef = 586679642BEA88E50015F78E /* AddOnsVC.swift */; };
		586679672BEA89090015F78E /* SummaryVC.swift in Sources */ = {isa = PBXBuildFile; fileRef = 586679662BEA89090015F78E /* SummaryVC.swift */; };
		586679692BEA89380015F78E /* PersonalInfoVC.swift in Sources */ = {isa = PBXBuildFile; fileRef = 586679682BEA89380015F78E /* PersonalInfoVC.swift */; };
		5866796C2BEA8AD00015F78E /* StepsStackView.swift in Sources */ = {isa = PBXBuildFile; fileRef = 5866796B2BEA8AD00015F78E /* StepsStackView.swift */; };
		5866796F2BEA9C110015F78E /* SuccessVC.swift in Sources */ = {isa = PBXBuildFile; fileRef = 5866796E2BEA9C110015F78E /* SuccessVC.swift */; };
		58E391B92BF3308D00B0BB5D /* ModalPlansVC.swift in Sources */ = {isa = PBXBuildFile; fileRef = 58E391B82BF3308D00B0BB5D /* ModalPlansVC.swift */; };
		58E391BC2BF3312800B0BB5D /* TitleLabel.swift in Sources */ = {isa = PBXBuildFile; fileRef = 58E391BB2BF3312800B0BB5D /* TitleLabel.swift */; };
		58E391BE2BF3313800B0BB5D /* DescriptionLabel.swift in Sources */ = {isa = PBXBuildFile; fileRef = 58E391BD2BF3313800B0BB5D /* DescriptionLabel.swift */; };
		58E391C22BF4675200B0BB5D /* PlanButton.swift in Sources */ = {isa = PBXBuildFile; fileRef = 58E391C12BF4675200B0BB5D /* PlanButton.swift */; };
		58E391C42BF50EEB00B0BB5D /* ModalAddOnsVC.swift in Sources */ = {isa = PBXBuildFile; fileRef = 58E391C32BF50EEB00B0BB5D /* ModalAddOnsVC.swift */; };
		58E391C62BF5118000B0BB5D /* AddOnButton.swift in Sources */ = {isa = PBXBuildFile; fileRef = 58E391C52BF5118000B0BB5D /* AddOnButton.swift */; };
		58E391CA2BF5451800B0BB5D /* ModalSummaryVC.swift in Sources */ = {isa = PBXBuildFile; fileRef = 58E391C92BF5451800B0BB5D /* ModalSummaryVC.swift */; };
		58E391CC2BF5486600B0BB5D /* PlanDetailsView.swift in Sources */ = {isa = PBXBuildFile; fileRef = 58E391CB2BF5486600B0BB5D /* PlanDetailsView.swift */; };
/* End PBXBuildFile section */

/* Begin PBXFileReference section */
		58218AB32BEAEEFF000D3CF0 /* ModalPersonalInfoVC.swift */ = {isa = PBXFileReference; lastKnownFileType = sourcecode.swift; path = ModalPersonalInfoVC.swift; sourceTree = "<group>"; };
		58218AB52BEBD529000D3CF0 /* Models.swift */ = {isa = PBXFileReference; lastKnownFileType = sourcecode.swift; path = Models.swift; sourceTree = "<group>"; };
		586679442BE970B00015F78E /* MultiStep-Form.app */ = {isa = PBXFileReference; explicitFileType = wrapper.application; includeInIndex = 0; path = "MultiStep-Form.app"; sourceTree = BUILT_PRODUCTS_DIR; };
		586679472BE970B00015F78E /* AppDelegate.swift */ = {isa = PBXFileReference; lastKnownFileType = sourcecode.swift; path = AppDelegate.swift; sourceTree = "<group>"; };
		586679492BE970B00015F78E /* SceneDelegate.swift */ = {isa = PBXFileReference; lastKnownFileType = sourcecode.swift; path = SceneDelegate.swift; sourceTree = "<group>"; };
		586679502BE970B20015F78E /* Assets.xcassets */ = {isa = PBXFileReference; lastKnownFileType = folder.assetcatalog; path = Assets.xcassets; sourceTree = "<group>"; };
		586679532BE970B20015F78E /* Base */ = {isa = PBXFileReference; lastKnownFileType = file.storyboard; name = Base; path = Base.lproj/LaunchScreen.storyboard; sourceTree = "<group>"; };
		586679552BE970B20015F78E /* Info.plist */ = {isa = PBXFileReference; lastKnownFileType = text.plist.xml; path = Info.plist; sourceTree = "<group>"; };
		5866795B2BE970D00015F78E /* Ubuntu-Regular.ttf */ = {isa = PBXFileReference; lastKnownFileType = file; path = "Ubuntu-Regular.ttf"; sourceTree = "<group>"; };
		5866795C2BE970D00015F78E /* Ubuntu-Medium.ttf */ = {isa = PBXFileReference; lastKnownFileType = file; path = "Ubuntu-Medium.ttf"; sourceTree = "<group>"; };
		5866795D2BE970D00015F78E /* Ubuntu-Bold.ttf */ = {isa = PBXFileReference; lastKnownFileType = file; path = "Ubuntu-Bold.ttf"; sourceTree = "<group>"; };
		586679622BEA88B10015F78E /* PlansVC.swift */ = {isa = PBXFileReference; lastKnownFileType = sourcecode.swift; path = PlansVC.swift; sourceTree = "<group>"; };
		586679642BEA88E50015F78E /* AddOnsVC.swift */ = {isa = PBXFileReference; lastKnownFileType = sourcecode.swift; path = AddOnsVC.swift; sourceTree = "<group>"; };
		586679662BEA89090015F78E /* SummaryVC.swift */ = {isa = PBXFileReference; lastKnownFileType = sourcecode.swift; path = SummaryVC.swift; sourceTree = "<group>"; };
		586679682BEA89380015F78E /* PersonalInfoVC.swift */ = {isa = PBXFileReference; lastKnownFileType = sourcecode.swift; path = PersonalInfoVC.swift; sourceTree = "<group>"; };
		5866796B2BEA8AD00015F78E /* StepsStackView.swift */ = {isa = PBXFileReference; lastKnownFileType = sourcecode.swift; path = StepsStackView.swift; sourceTree = "<group>"; };
		5866796E2BEA9C110015F78E /* SuccessVC.swift */ = {isa = PBXFileReference; lastKnownFileType = sourcecode.swift; path = SuccessVC.swift; sourceTree = "<group>"; };
		58E391B82BF3308D00B0BB5D /* ModalPlansVC.swift */ = {isa = PBXFileReference; lastKnownFileType = sourcecode.swift; path = ModalPlansVC.swift; sourceTree = "<group>"; };
		58E391BB2BF3312800B0BB5D /* TitleLabel.swift */ = {isa = PBXFileReference; lastKnownFileType = sourcecode.swift; path = TitleLabel.swift; sourceTree = "<group>"; };
		58E391BD2BF3313800B0BB5D /* DescriptionLabel.swift */ = {isa = PBXFileReference; lastKnownFileType = sourcecode.swift; path = DescriptionLabel.swift; sourceTree = "<group>"; };
		58E391C12BF4675200B0BB5D /* PlanButton.swift */ = {isa = PBXFileReference; lastKnownFileType = sourcecode.swift; path = PlanButton.swift; sourceTree = "<group>"; };
		58E391C32BF50EEB00B0BB5D /* ModalAddOnsVC.swift */ = {isa = PBXFileReference; lastKnownFileType = sourcecode.swift; path = ModalAddOnsVC.swift; sourceTree = "<group>"; };
		58E391C52BF5118000B0BB5D /* AddOnButton.swift */ = {isa = PBXFileReference; lastKnownFileType = sourcecode.swift; path = AddOnButton.swift; sourceTree = "<group>"; };
		58E391C92BF5451800B0BB5D /* ModalSummaryVC.swift */ = {isa = PBXFileReference; lastKnownFileType = sourcecode.swift; path = ModalSummaryVC.swift; sourceTree = "<group>"; };
		58E391CB2BF5486600B0BB5D /* PlanDetailsView.swift */ = {isa = PBXFileReference; lastKnownFileType = sourcecode.swift; path = PlanDetailsView.swift; sourceTree = "<group>"; };
/* End PBXFileReference section */

/* Begin PBXFrameworksBuildPhase section */
		586679412BE970B00015F78E /* Frameworks */ = {
			isa = PBXFrameworksBuildPhase;
			buildActionMask = 2147483647;
			files = (
			);
			runOnlyForDeploymentPostprocessing = 0;
		};
/* End PBXFrameworksBuildPhase section */

/* Begin PBXGroup section */
		58218AB72BEBD53A000D3CF0 /* Model */ = {
			isa = PBXGroup;
			children = (
				58218AB52BEBD529000D3CF0 /* Models.swift */,
			);
			path = Model;
			sourceTree = "<group>";
		};
		5866793B2BE970B00015F78E = {
			isa = PBXGroup;
			children = (
				586679462BE970B00015F78E /* MultiStep-Form */,
				586679452BE970B00015F78E /* Products */,
			);
			sourceTree = "<group>";
		};
		586679452BE970B00015F78E /* Products */ = {
			isa = PBXGroup;
			children = (
				586679442BE970B00015F78E /* MultiStep-Form.app */,
			);
			name = Products;
			sourceTree = "<group>";
		};
		586679462BE970B00015F78E /* MultiStep-Form */ = {
			isa = PBXGroup;
			children = (
				586679472BE970B00015F78E /* AppDelegate.swift */,
				586679492BE970B00015F78E /* SceneDelegate.swift */,
				5866796D2BEA8AD50015F78E /* Custom Views */,
				5866796A2BEA896E0015F78E /* Controllers */,
				586679502BE970B20015F78E /* Assets.xcassets */,
				58E391BA2BF3309500B0BB5D /* ModalsControllers */,
				58218AB72BEBD53A000D3CF0 /* Model */,
				586679612BE970D60015F78E /* Fonts */,
				586679522BE970B20015F78E /* LaunchScreen.storyboard */,
				586679552BE970B20015F78E /* Info.plist */,
			);
			path = "MultiStep-Form";
			sourceTree = "<group>";
		};
		586679612BE970D60015F78E /* Fonts */ = {
			isa = PBXGroup;
			children = (
				5866795D2BE970D00015F78E /* Ubuntu-Bold.ttf */,
				5866795C2BE970D00015F78E /* Ubuntu-Medium.ttf */,
				5866795B2BE970D00015F78E /* Ubuntu-Regular.ttf */,
			);
			path = Fonts;
			sourceTree = "<group>";
		};
		5866796A2BEA896E0015F78E /* Controllers */ = {
			isa = PBXGroup;
			children = (
				586679662BEA89090015F78E /* SummaryVC.swift */,
				586679622BEA88B10015F78E /* PlansVC.swift */,
				586679642BEA88E50015F78E /* AddOnsVC.swift */,
				586679682BEA89380015F78E /* PersonalInfoVC.swift */,
				5866796E2BEA9C110015F78E /* SuccessVC.swift */,
			);
			path = Controllers;
			sourceTree = "<group>";
		};
		5866796D2BEA8AD50015F78E /* Custom Views */ = {
			isa = PBXGroup;
			children = (
				5866796B2BEA8AD00015F78E /* StepsStackView.swift */,
				58E391BB2BF3312800B0BB5D /* TitleLabel.swift */,
				58E391BD2BF3313800B0BB5D /* DescriptionLabel.swift */,
				58E391C12BF4675200B0BB5D /* PlanButton.swift */,
				58E391C52BF5118000B0BB5D /* AddOnButton.swift */,
				58E391CB2BF5486600B0BB5D /* PlanDetailsView.swift */,
			);
			path = "Custom Views";
			sourceTree = "<group>";
		};
		58E391BA2BF3309500B0BB5D /* ModalsControllers */ = {
			isa = PBXGroup;
			children = (
				58218AB32BEAEEFF000D3CF0 /* ModalPersonalInfoVC.swift */,
				58E391B82BF3308D00B0BB5D /* ModalPlansVC.swift */,
				58E391C32BF50EEB00B0BB5D /* ModalAddOnsVC.swift */,
				58E391C92BF5451800B0BB5D /* ModalSummaryVC.swift */,
			);
			path = ModalsControllers;
			sourceTree = "<group>";
		};
/* End PBXGroup section */

/* Begin PBXNativeTarget section */
		586679432BE970B00015F78E /* MultiStep-Form */ = {
			isa = PBXNativeTarget;
			buildConfigurationList = 586679582BE970B20015F78E /* Build configuration list for PBXNativeTarget "MultiStep-Form" */;
			buildPhases = (
				586679402BE970B00015F78E /* Sources */,
				586679412BE970B00015F78E /* Frameworks */,
				586679422BE970B00015F78E /* Resources */,
			);
			buildRules = (
			);
			dependencies = (
			);
			name = "MultiStep-Form";
			productName = "MultiStep-Form";
			productReference = 586679442BE970B00015F78E /* MultiStep-Form.app */;
			productType = "com.apple.product-type.application";
		};
/* End PBXNativeTarget section */

/* Begin PBXProject section */
		5866793C2BE970B00015F78E /* Project object */ = {
			isa = PBXProject;
			attributes = {
				BuildIndependentTargetsInParallel = 1;
				LastSwiftUpdateCheck = 1420;
				LastUpgradeCheck = 1420;
				TargetAttributes = {
					586679432BE970B00015F78E = {
						CreatedOnToolsVersion = 14.2;
					};
				};
			};
			buildConfigurationList = 5866793F2BE970B00015F78E /* Build configuration list for PBXProject "MultiStep-Form" */;
			compatibilityVersion = "Xcode 14.0";
			developmentRegion = en;
			hasScannedForEncodings = 0;
			knownRegions = (
				en,
				Base,
			);
			mainGroup = 5866793B2BE970B00015F78E;
			productRefGroup = 586679452BE970B00015F78E /* Products */;
			projectDirPath = "";
			projectRoot = "";
			targets = (
				586679432BE970B00015F78E /* MultiStep-Form */,
			);
		};
/* End PBXProject section */

/* Begin PBXResourcesBuildPhase section */
		586679422BE970B00015F78E /* Resources */ = {
			isa = PBXResourcesBuildPhase;
			buildActionMask = 2147483647;
			files = (
				5866795E2BE970D00015F78E /* Ubuntu-Regular.ttf in Resources */,
				5866795F2BE970D00015F78E /* Ubuntu-Medium.ttf in Resources */,
				586679602BE970D00015F78E /* Ubuntu-Bold.ttf in Resources */,
				586679542BE970B20015F78E /* LaunchScreen.storyboard in Resources */,
				586679512BE970B20015F78E /* Assets.xcassets in Resources */,
			);
			runOnlyForDeploymentPostprocessing = 0;
		};
/* End PBXResourcesBuildPhase section */

/* Begin PBXSourcesBuildPhase section */
		586679402BE970B00015F78E /* Sources */ = {
			isa = PBXSourcesBuildPhase;
			buildActionMask = 2147483647;
			files = (
				58E391CC2BF5486600B0BB5D /* PlanDetailsView.swift in Sources */,
				586679652BEA88E50015F78E /* AddOnsVC.swift in Sources */,
				586679672BEA89090015F78E /* SummaryVC.swift in Sources */,
				586679482BE970B00015F78E /* AppDelegate.swift in Sources */,
				586679692BEA89380015F78E /* PersonalInfoVC.swift in Sources */,
				58218AB42BEAEEFF000D3CF0 /* ModalPersonalInfoVC.swift in Sources */,
				58E391CA2BF5451800B0BB5D /* ModalSummaryVC.swift in Sources */,
				5866796F2BEA9C110015F78E /* SuccessVC.swift in Sources */,
				5866796C2BEA8AD00015F78E /* StepsStackView.swift in Sources */,
				5866794A2BE970B00015F78E /* SceneDelegate.swift in Sources */,
				58E391C22BF4675200B0BB5D /* PlanButton.swift in Sources */,
				58E391B92BF3308D00B0BB5D /* ModalPlansVC.swift in Sources */,
				58E391BC2BF3312800B0BB5D /* TitleLabel.swift in Sources */,
				586679632BEA88B10015F78E /* PlansVC.swift in Sources */,
				58E391BE2BF3313800B0BB5D /* DescriptionLabel.swift in Sources */,
				58218AB62BEBD529000D3CF0 /* Models.swift in Sources */,
				58E391C62BF5118000B0BB5D /* AddOnButton.swift in Sources */,
				58E391C42BF50EEB00B0BB5D /* ModalAddOnsVC.swift in Sources */,
			);
			runOnlyForDeploymentPostprocessing = 0;
		};
/* End PBXSourcesBuildPhase section */

/* Begin PBXVariantGroup section */
		586679522BE970B20015F78E /* LaunchScreen.storyboard */ = {
			isa = PBXVariantGroup;
			children = (
				586679532BE970B20015F78E /* Base */,
			);
			name = LaunchScreen.storyboard;
			sourceTree = "<group>";
		};
/* End PBXVariantGroup section */

/* Begin XCBuildConfiguration section */
		586679562BE970B20015F78E /* Debug */ = {
			isa = XCBuildConfiguration;
			buildSettings = {
				ALWAYS_SEARCH_USER_PATHS = NO;
				CLANG_ANALYZER_NONNULL = YES;
				CLANG_ANALYZER_NUMBER_OBJECT_CONVERSION = YES_AGGRESSIVE;
				CLANG_CXX_LANGUAGE_STANDARD = "gnu++20";
				CLANG_ENABLE_MODULES = YES;
				CLANG_ENABLE_OBJC_ARC = YES;
				CLANG_ENABLE_OBJC_WEAK = YES;
				CLANG_WARN_BLOCK_CAPTURE_AUTORELEASING = YES;
				CLANG_WARN_BOOL_CONVERSION = YES;
				CLANG_WARN_COMMA = YES;
				CLANG_WARN_CONSTANT_CONVERSION = YES;
				CLANG_WARN_DEPRECATED_OBJC_IMPLEMENTATIONS = YES;
				CLANG_WARN_DIRECT_OBJC_ISA_USAGE = YES_ERROR;
				CLANG_WARN_DOCUMENTATION_COMMENTS = YES;
				CLANG_WARN_EMPTY_BODY = YES;
				CLANG_WARN_ENUM_CONVERSION = YES;
				CLANG_WARN_INFINITE_RECURSION = YES;
				CLANG_WARN_INT_CONVERSION = YES;
				CLANG_WARN_NON_LITERAL_NULL_CONVERSION = YES;
				CLANG_WARN_OBJC_IMPLICIT_RETAIN_SELF = YES;
				CLANG_WARN_OBJC_LITERAL_CONVERSION = YES;
				CLANG_WARN_OBJC_ROOT_CLASS = YES_ERROR;
				CLANG_WARN_QUOTED_INCLUDE_IN_FRAMEWORK_HEADER = YES;
				CLANG_WARN_RANGE_LOOP_ANALYSIS = YES;
				CLANG_WARN_STRICT_PROTOTYPES = YES;
				CLANG_WARN_SUSPICIOUS_MOVE = YES;
				CLANG_WARN_UNGUARDED_AVAILABILITY = YES_AGGRESSIVE;
				CLANG_WARN_UNREACHABLE_CODE = YES;
				CLANG_WARN__DUPLICATE_METHOD_MATCH = YES;
				COPY_PHASE_STRIP = NO;
				DEBUG_INFORMATION_FORMAT = dwarf;
				ENABLE_STRICT_OBJC_MSGSEND = YES;
				ENABLE_TESTABILITY = YES;
				GCC_C_LANGUAGE_STANDARD = gnu11;
				GCC_DYNAMIC_NO_PIC = NO;
				GCC_NO_COMMON_BLOCKS = YES;
				GCC_OPTIMIZATION_LEVEL = 0;
				GCC_PREPROCESSOR_DEFINITIONS = (
					"DEBUG=1",
					"$(inherited)",
				);
				GCC_WARN_64_TO_32_BIT_CONVERSION = YES;
				GCC_WARN_ABOUT_RETURN_TYPE = YES_ERROR;
				GCC_WARN_UNDECLARED_SELECTOR = YES;
				GCC_WARN_UNINITIALIZED_AUTOS = YES_AGGRESSIVE;
				GCC_WARN_UNUSED_FUNCTION = YES;
				GCC_WARN_UNUSED_VARIABLE = YES;
				IPHONEOS_DEPLOYMENT_TARGET = 16.2;
				MTL_ENABLE_DEBUG_INFO = INCLUDE_SOURCE;
				MTL_FAST_MATH = YES;
				ONLY_ACTIVE_ARCH = YES;
				SDKROOT = iphoneos;
				SWIFT_ACTIVE_COMPILATION_CONDITIONS = DEBUG;
				SWIFT_OPTIMIZATION_LEVEL = "-Onone";
			};
			name = Debug;
		};
		586679572BE970B20015F78E /* Release */ = {
			isa = XCBuildConfiguration;
			buildSettings = {
				ALWAYS_SEARCH_USER_PATHS = NO;
				CLANG_ANALYZER_NONNULL = YES;
				CLANG_ANALYZER_NUMBER_OBJECT_CONVERSION = YES_AGGRESSIVE;
				CLANG_CXX_LANGUAGE_STANDARD = "gnu++20";
				CLANG_ENABLE_MODULES = YES;
				CLANG_ENABLE_OBJC_ARC = YES;
				CLANG_ENABLE_OBJC_WEAK = YES;
				CLANG_WARN_BLOCK_CAPTURE_AUTORELEASING = YES;
				CLANG_WARN_BOOL_CONVERSION = YES;
				CLANG_WARN_COMMA = YES;
				CLANG_WARN_CONSTANT_CONVERSION = YES;
				CLANG_WARN_DEPRECATED_OBJC_IMPLEMENTATIONS = YES;
				CLANG_WARN_DIRECT_OBJC_ISA_USAGE = YES_ERROR;
				CLANG_WARN_DOCUMENTATION_COMMENTS = YES;
				CLANG_WARN_EMPTY_BODY = YES;
				CLANG_WARN_ENUM_CONVERSION = YES;
				CLANG_WARN_INFINITE_RECURSION = YES;
				CLANG_WARN_INT_CONVERSION = YES;
				CLANG_WARN_NON_LITERAL_NULL_CONVERSION = YES;
				CLANG_WARN_OBJC_IMPLICIT_RETAIN_SELF = YES;
				CLANG_WARN_OBJC_LITERAL_CONVERSION = YES;
				CLANG_WARN_OBJC_ROOT_CLASS = YES_ERROR;
				CLANG_WARN_QUOTED_INCLUDE_IN_FRAMEWORK_HEADER = YES;
				CLANG_WARN_RANGE_LOOP_ANALYSIS = YES;
				CLANG_WARN_STRICT_PROTOTYPES = YES;
				CLANG_WARN_SUSPICIOUS_MOVE = YES;
				CLANG_WARN_UNGUARDED_AVAILABILITY = YES_AGGRESSIVE;
				CLANG_WARN_UNREACHABLE_CODE = YES;
				CLANG_WARN__DUPLICATE_METHOD_MATCH = YES;
				COPY_PHASE_STRIP = NO;
				DEBUG_INFORMATION_FORMAT = "dwarf-with-dsym";
				ENABLE_NS_ASSERTIONS = NO;
				ENABLE_STRICT_OBJC_MSGSEND = YES;
				GCC_C_LANGUAGE_STANDARD = gnu11;
				GCC_NO_COMMON_BLOCKS = YES;
				GCC_WARN_64_TO_32_BIT_CONVERSION = YES;
				GCC_WARN_ABOUT_RETURN_TYPE = YES_ERROR;
				GCC_WARN_UNDECLARED_SELECTOR = YES;
				GCC_WARN_UNINITIALIZED_AUTOS = YES_AGGRESSIVE;
				GCC_WARN_UNUSED_FUNCTION = YES;
				GCC_WARN_UNUSED_VARIABLE = YES;
				IPHONEOS_DEPLOYMENT_TARGET = 16.2;
				MTL_ENABLE_DEBUG_INFO = NO;
				MTL_FAST_MATH = YES;
				SDKROOT = iphoneos;
				SWIFT_COMPILATION_MODE = wholemodule;
				SWIFT_OPTIMIZATION_LEVEL = "-O";
				VALIDATE_PRODUCT = YES;
			};
			name = Release;
		};
		586679592BE970B20015F78E /* Debug */ = {
			isa = XCBuildConfiguration;
			buildSettings = {
				ASSETCATALOG_COMPILER_APPICON_NAME = AppIcon;
				ASSETCATALOG_COMPILER_GLOBAL_ACCENT_COLOR_NAME = AccentColor;
				CODE_SIGN_STYLE = Automatic;
				CURRENT_PROJECT_VERSION = 1;
				DEVELOPMENT_TEAM = H5MNUSUD85;
				GENERATE_INFOPLIST_FILE = YES;
				INFOPLIST_FILE = "MultiStep-Form/Info.plist";
				INFOPLIST_KEY_UIApplicationSupportsIndirectInputEvents = YES;
				INFOPLIST_KEY_UILaunchStoryboardName = LaunchScreen;
				INFOPLIST_KEY_UISupportedInterfaceOrientations_iPad = "UIInterfaceOrientationPortrait UIInterfaceOrientationPortraitUpsideDown UIInterfaceOrientationLandscapeLeft UIInterfaceOrientationLandscapeRight";
				INFOPLIST_KEY_UISupportedInterfaceOrientations_iPhone = "UIInterfaceOrientationPortrait UIInterfaceOrientationLandscapeLeft UIInterfaceOrientationLandscapeRight";
				LD_RUNPATH_SEARCH_PATHS = (
					"$(inherited)",
					"@executable_path/Frameworks",
				);
				MARKETING_VERSION = 1.0;
				PRODUCT_BUNDLE_IDENTIFIER = "com.Mfchm.MultiStep-Form";
				PRODUCT_NAME = "$(TARGET_NAME)";
				SWIFT_EMIT_LOC_STRINGS = YES;
				SWIFT_VERSION = 5.0;
				TARGETED_DEVICE_FAMILY = "1,2";
			};
			name = Debug;
		};
		5866795A2BE970B20015F78E /* Release */ = {
			isa = XCBuildConfiguration;
			buildSettings = {
				ASSETCATALOG_COMPILER_APPICON_NAME = AppIcon;
				ASSETCATALOG_COMPILER_GLOBAL_ACCENT_COLOR_NAME = AccentColor;
				CODE_SIGN_STYLE = Automatic;
				CURRENT_PROJECT_VERSION = 1;
				DEVELOPMENT_TEAM = H5MNUSUD85;
				GENERATE_INFOPLIST_FILE = YES;
				INFOPLIST_FILE = "MultiStep-Form/Info.plist";
				INFOPLIST_KEY_UIApplicationSupportsIndirectInputEvents = YES;
				INFOPLIST_KEY_UILaunchStoryboardName = LaunchScreen;
				INFOPLIST_KEY_UISupportedInterfaceOrientations_iPad = "UIInterfaceOrientationPortrait UIInterfaceOrientationPortraitUpsideDown UIInterfaceOrientationLandscapeLeft UIInterfaceOrientationLandscapeRight";
				INFOPLIST_KEY_UISupportedInterfaceOrientations_iPhone = "UIInterfaceOrientationPortrait UIInterfaceOrientationLandscapeLeft UIInterfaceOrientationLandscapeRight";
				LD_RUNPATH_SEARCH_PATHS = (
					"$(inherited)",
					"@executable_path/Frameworks",
				);
				MARKETING_VERSION = 1.0;
				PRODUCT_BUNDLE_IDENTIFIER = "com.Mfchm.MultiStep-Form";
				PRODUCT_NAME = "$(TARGET_NAME)";
				SWIFT_EMIT_LOC_STRINGS = YES;
				SWIFT_VERSION = 5.0;
				TARGETED_DEVICE_FAMILY = "1,2";
			};
			name = Release;
		};
/* End XCBuildConfiguration section */

/* Begin XCConfigurationList section */
		5866793F2BE970B00015F78E /* Build configuration list for PBXProject "MultiStep-Form" */ = {
			isa = XCConfigurationList;
			buildConfigurations = (
				586679562BE970B20015F78E /* Debug */,
				586679572BE970B20015F78E /* Release */,
			);
			defaultConfigurationIsVisible = 0;
			defaultConfigurationName = Release;
		};
		586679582BE970B20015F78E /* Build configuration list for PBXNativeTarget "MultiStep-Form" */ = {
			isa = XCConfigurationList;
			buildConfigurations = (
				586679592BE970B20015F78E /* Debug */,
				5866795A2BE970B20015F78E /* Release */,
			);
			defaultConfigurationIsVisible = 0;
			defaultConfigurationName = Release;
		};
/* End XCConfigurationList section */
	};
	rootObject = 5866793C2BE970B00015F78E /* Project object */;
}
